{
  "name": "debugger.html",
  "version": "0.6.0",
  "lockfileVersion": 1,
  "requires": true,
  "dependencies": {
    "react-collapsible": {
      "version": "2.0.4",
      "resolved": "https://registry.npmjs.org/react-collapsible/-/react-collapsible-2.0.4.tgz",
      "integrity": "sha512-NNhBsOutggcnkTssUO0YNzmbW4vCse2eQDvFpSgDB01m5wuy8lDCMwF3m2sKB2PNINGLeUXjpT6EIFwhV7VHrw=="
    }
  }
}
